
Microsoft Visual Studio Solution File, Format Version 12.00
# Visual Studio Version 16
VisualStudioVersion = 16.0.31911.196
MinimumVisualStudioVersion = 10.0.40219.1
Project("{FAE04EC0-301F-11D3-BF4B-00C04F79EFBC}") = "Atividade 15", "Atividade 15\Atividade 15.csproj", "{3DAA55A4-5DF2-45D4-AC4C-DE81030E9D6A}"
EndProject
Global
	GlobalSection(SolutionConfigurationPlatforms) = preSolution
		Debug|Any CPU = Debug|Any CPU
		Release|Any CPU = Release|Any CPU
	EndGlobalSection
	GlobalSection(ProjectConfigurationPlatforms) = postSolution
		{3DAA55A4-5DF2-45D4-AC4C-DE81030E9D6A}.Debug|Any CPU.ActiveCfg = Debug|Any CPU
		{3DAA55A4-5DF2-45D4-AC4C-DE81030E9D6A}.Debug|Any CPU.Build.0 = Debug|Any CPU
		{3DAA55A4-5DF2-45D4-AC4C-DE81030E9D6A}.Release|Any CPU.ActiveCfg = Release|Any CPU
		{3DAA55A4-5DF2-45D4-AC4C-DE81030E9D6A}.Release|Any CPU.Build.0 = Release|Any CPU
	EndGlobalSection
	GlobalSection(SolutionProperties) = preSolution
		HideSolutionNode = FALSE
	EndGlobalSection
	GlobalSection(ExtensibilityGlobals) = postSolution
		SolutionGuid = {CD3A7BEC-7A3A-4AFF-9343-C2EA7268B8E3}
	EndGlobalSection
EndGlobal
